
Microsoft Visual Studio Solution File, Format Version 12.00
# Visual Studio Version 17
VisualStudioVersion = 17.10.35013.160
MinimumVisualStudioVersion = 10.0.40219.1
Project("{9A19103F-16F7-4668-BE54-9A1E7A4F7556}") = "CLI", "CLI\CLI.csproj", "{C4E6F7F9-0A9F-40F7-AA35-B7E79172572E}"
	ProjectSection(ProjectDependencies) = postProject
		{0AB08A4E-0C12-459F-8CF5-61A87B63EB5A} = {0AB08A4E-0C12-459F-8CF5-61A87B63EB5A}
		{2285EEC4-7488-47DF-AF11-2A0C2A57CBBC} = {2285EEC4-7488-47DF-AF11-2A0C2A57CBBC}
		{BF863F16-C986-42C2-969A-546F9F60A36A} = {BF863F16-C986-42C2-969A-546F9F60A36A}
		{D1ED640E-C81F-46B6-9EF4-8D6B95F411AD} = {D1ED640E-C81F-46B6-9EF4-8D6B95F411AD}
		{EB3BCAE1-6DB0-4307-A69B-7BDB210DCEEC} = {EB3BCAE1-6DB0-4307-A69B-7BDB210DCEEC}
		{F1FB4448-1498-410A-AF49-9D2F65FF74AE} = {F1FB4448-1498-410A-AF49-9D2F65FF74AE}
	EndProjectSection
EndProject
Project("{2150E333-8FDC-42A3-9474-1A3956D46DE8}") = "Compiler", "Compiler", "{F58D356C-9061-401E-9B91-16FDCA2DC858}"
EndProject
Project("{2150E333-8FDC-42A3-9474-1A3956D46DE8}") = "Interpreter", "Interpreter", "{5B46960F-6571-4557-BCDC-B439C564E97B}"
EndProject
Project("{2150E333-8FDC-42A3-9474-1A3956D46DE8}") = "Lexer", "Lexer", "{FAAC5E4D-EB02-4228-81C4-9D7BCFBA7956}"
EndProject
Project("{2150E333-8FDC-42A3-9474-1A3956D46DE8}") = "Parser", "Parser", "{58F0661B-744D-4C00-A1E0-4298ABA7A850}"
EndProject
Project("{2150E333-8FDC-42A3-9474-1A3956D46DE8}") = "ScriptsExampleFiles", "ScriptsExampleFiles", "{4267B49D-FDAA-4D15-AA3F-B4ADF466772D}"
	ProjectSection(SolutionItems) = preProject
		test.fscript = test.fscript
	EndProjectSection
EndProject
Project("{9A19103F-16F7-4668-BE54-9A1E7A4F7556}") = "Lexer", "Lexer\Lexer.csproj", "{0AB08A4E-0C12-459F-8CF5-61A87B63EB5A}"
EndProject
Project("{9A19103F-16F7-4668-BE54-9A1E7A4F7556}") = "Parser", "Parser\Parser.csproj", "{BF863F16-C986-42C2-969A-546F9F60A36A}"
	ProjectSection(ProjectDependencies) = postProject
		{0AB08A4E-0C12-459F-8CF5-61A87B63EB5A} = {0AB08A4E-0C12-459F-8CF5-61A87B63EB5A}
	EndProjectSection
EndProject
Project("{2150E333-8FDC-42A3-9474-1A3956D46DE8}") = "JIT", "JIT", "{9A4EFFD7-27AF-43BB-BCE2-02EA99CCC0AF}"
EndProject
Project("{9A19103F-16F7-4668-BE54-9A1E7A4F7556}") = "Compiler", "Compiler\Compiler.csproj", "{D1ED640E-C81F-46B6-9EF4-8D6B95F411AD}"
	ProjectSection(ProjectDependencies) = postProject
		{BF863F16-C986-42C2-969A-546F9F60A36A} = {BF863F16-C986-42C2-969A-546F9F60A36A}
	EndProjectSection
EndProject
Project("{9A19103F-16F7-4668-BE54-9A1E7A4F7556}") = "Interpreter", "Interpreter\Interpreter.csproj", "{F1FB4448-1498-410A-AF49-9D2F65FF74AE}"
	ProjectSection(ProjectDependencies) = postProject
		{D1ED640E-C81F-46B6-9EF4-8D6B95F411AD} = {D1ED640E-C81F-46B6-9EF4-8D6B95F411AD}
	EndProjectSection
EndProject
Project("{9A19103F-16F7-4668-BE54-9A1E7A4F7556}") = "JIT", "JIT\JIT.csproj", "{2285EEC4-7488-47DF-AF11-2A0C2A57CBBC}"
	ProjectSection(ProjectDependencies) = postProject
		{D1ED640E-C81F-46B6-9EF4-8D6B95F411AD} = {D1ED640E-C81F-46B6-9EF4-8D6B95F411AD}
	EndProjectSection
EndProject
Project("{2150E333-8FDC-42A3-9474-1A3956D46DE8}") = "Utils", "Utils", "{FACA28CC-54C8-4DD5-8286-A1F78745B7E4}"
EndProject
Project("{FAE04EC0-301F-11D3-BF4B-00C04F79EFBC}") = "Utils", "Utils\Utils.csproj", "{EB3BCAE1-6DB0-4307-A69B-7BDB210DCEEC}"
EndProject
Project("{2150E333-8FDC-42A3-9474-1A3956D46DE8}") = "Documentation", "Documentation", "{DACECB31-A599-411A-8441-7ECF124A92D9}"
	ProjectSection(SolutionItems) = preProject
		README.md = README.md
	EndProjectSection
EndProject
Global
	GlobalSection(SolutionConfigurationPlatforms) = preSolution
		Debug|Any CPU = Debug|Any CPU
		Release|Any CPU = Release|Any CPU
	EndGlobalSection
	GlobalSection(ProjectConfigurationPlatforms) = postSolution
		{C4E6F7F9-0A9F-40F7-AA35-B7E79172572E}.Debug|Any CPU.ActiveCfg = Debug|Any CPU
		{C4E6F7F9-0A9F-40F7-AA35-B7E79172572E}.Debug|Any CPU.Build.0 = Debug|Any CPU
		{C4E6F7F9-0A9F-40F7-AA35-B7E79172572E}.Release|Any CPU.ActiveCfg = Release|Any CPU
		{C4E6F7F9-0A9F-40F7-AA35-B7E79172572E}.Release|Any CPU.Build.0 = Release|Any CPU
		{0AB08A4E-0C12-459F-8CF5-61A87B63EB5A}.Debug|Any CPU.ActiveCfg = Debug|Any CPU
		{0AB08A4E-0C12-459F-8CF5-61A87B63EB5A}.Debug|Any CPU.Build.0 = Debug|Any CPU
		{0AB08A4E-0C12-459F-8CF5-61A87B63EB5A}.Release|Any CPU.ActiveCfg = Release|Any CPU
		{0AB08A4E-0C12-459F-8CF5-61A87B63EB5A}.Release|Any CPU.Build.0 = Release|Any CPU
		{BF863F16-C986-42C2-969A-546F9F60A36A}.Debug|Any CPU.ActiveCfg = Debug|Any CPU
		{BF863F16-C986-42C2-969A-546F9F60A36A}.Debug|Any CPU.Build.0 = Debug|Any CPU
		{BF863F16-C986-42C2-969A-546F9F60A36A}.Release|Any CPU.ActiveCfg = Release|Any CPU
		{BF863F16-C986-42C2-969A-546F9F60A36A}.Release|Any CPU.Build.0 = Release|Any CPU
		{D1ED640E-C81F-46B6-9EF4-8D6B95F411AD}.Debug|Any CPU.ActiveCfg = Debug|Any CPU
		{D1ED640E-C81F-46B6-9EF4-8D6B95F411AD}.Debug|Any CPU.Build.0 = Debug|Any CPU
		{D1ED640E-C81F-46B6-9EF4-8D6B95F411AD}.Release|Any CPU.ActiveCfg = Release|Any CPU
		{D1ED640E-C81F-46B6-9EF4-8D6B95F411AD}.Release|Any CPU.Build.0 = Release|Any CPU
		{F1FB4448-1498-410A-AF49-9D2F65FF74AE}.Debug|Any CPU.ActiveCfg = Debug|Any CPU
		{F1FB4448-1498-410A-AF49-9D2F65FF74AE}.Debug|Any CPU.Build.0 = Debug|Any CPU
		{F1FB4448-1498-410A-AF49-9D2F65FF74AE}.Release|Any CPU.ActiveCfg = Release|Any CPU
		{F1FB4448-1498-410A-AF49-9D2F65FF74AE}.Release|Any CPU.Build.0 = Release|Any CPU
		{2285EEC4-7488-47DF-AF11-2A0C2A57CBBC}.Debug|Any CPU.ActiveCfg = Debug|Any CPU
		{2285EEC4-7488-47DF-AF11-2A0C2A57CBBC}.Debug|Any CPU.Build.0 = Debug|Any CPU
		{2285EEC4-7488-47DF-AF11-2A0C2A57CBBC}.Release|Any CPU.ActiveCfg = Release|Any CPU
		{2285EEC4-7488-47DF-AF11-2A0C2A57CBBC}.Release|Any CPU.Build.0 = Release|Any CPU
		{EB3BCAE1-6DB0-4307-A69B-7BDB210DCEEC}.Debug|Any CPU.ActiveCfg = Debug|Any CPU
		{EB3BCAE1-6DB0-4307-A69B-7BDB210DCEEC}.Debug|Any CPU.Build.0 = Debug|Any CPU
		{EB3BCAE1-6DB0-4307-A69B-7BDB210DCEEC}.Release|Any CPU.ActiveCfg = Release|Any CPU
		{EB3BCAE1-6DB0-4307-A69B-7BDB210DCEEC}.Release|Any CPU.Build.0 = Release|Any CPU
	EndGlobalSection
	GlobalSection(SolutionProperties) = preSolution
		HideSolutionNode = FALSE
	EndGlobalSection
	GlobalSection(NestedProjects) = preSolution
		{0AB08A4E-0C12-459F-8CF5-61A87B63EB5A} = {FAAC5E4D-EB02-4228-81C4-9D7BCFBA7956}
		{BF863F16-C986-42C2-969A-546F9F60A36A} = {58F0661B-744D-4C00-A1E0-4298ABA7A850}
		{D1ED640E-C81F-46B6-9EF4-8D6B95F411AD} = {F58D356C-9061-401E-9B91-16FDCA2DC858}
		{F1FB4448-1498-410A-AF49-9D2F65FF74AE} = {5B46960F-6571-4557-BCDC-B439C564E97B}
		{2285EEC4-7488-47DF-AF11-2A0C2A57CBBC} = {9A4EFFD7-27AF-43BB-BCE2-02EA99CCC0AF}
		{EB3BCAE1-6DB0-4307-A69B-7BDB210DCEEC} = {FACA28CC-54C8-4DD5-8286-A1F78745B7E4}
	EndGlobalSection
	GlobalSection(ExtensibilityGlobals) = postSolution
		SolutionGuid = {498C49D2-484C-41D1-9E62-C5732FD249AD}
	EndGlobalSection
EndGlobal
